
Microsoft Visual Studio Solution File, Format Version 12.00
# Visual Studio Version 17
VisualStudioVersion = 17.8.34330.188
MinimumVisualStudioVersion = 10.0.40219.1
Project("{9A19103F-16F7-4668-BE54-9A1E7A4F7556}") = "AspExos", "AspExos\AspExos.csproj", "{1CA56A50-3080-495C-AB06-F8C6AB87D587}"
EndProject
Global
	GlobalSection(SolutionConfigurationPlatforms) = preSolution
		Debug|Any CPU = Debug|Any CPU
		Release|Any CPU = Release|Any CPU
	EndGlobalSection
	GlobalSection(ProjectConfigurationPlatforms) = postSolution
		{1CA56A50-3080-495C-AB06-F8C6AB87D587}.Debug|Any CPU.ActiveCfg = Debug|Any CPU
		{1CA56A50-3080-495C-AB06-F8C6AB87D587}.Debug|Any CPU.Build.0 = Debug|Any CPU
		{1CA56A50-3080-495C-AB06-F8C6AB87D587}.Release|Any CPU.ActiveCfg = Release|Any CPU
		{1CA56A50-3080-495C-AB06-F8C6AB87D587}.Release|Any CPU.Build.0 = Release|Any CPU
	EndGlobalSection
	GlobalSection(SolutionProperties) = preSolution
		HideSolutionNode = FALSE
	EndGlobalSection
	GlobalSection(ExtensibilityGlobals) = postSolution
		SolutionGuid = {22FC4820-BE3D-4540-9968-189128E1CA18}
	EndGlobalSection
EndGlobal
